{
  "version": 4,
  "terraform_version": "0.12.21",
  "serial": 5,
  "lineage": "5f1d4795-7bb4-e2df-81aa-c974a1f5e7cc",
  "outputs": {},
  "resources": [
    {
      "mode": "managed",
      "type": "aws_internet_gateway",
      "name": "default",
      "provider": "provider.aws",
      "instances": [
        {
          "schema_version": 0,
          "attributes": {
            "id": "igw-06163f9c33fbd9432",
            "owner_id": "975816917933",
            "tags": {
              "Name": "mumbai-IG"
            },
            "vpc_id": "vpc-093e435cf298555c4"
          },
          "private": "bnVsbA==",
          "dependencies": [
            "aws_vpc.default"
          ]
        }
      ]
    },
    {
      "mode": "managed",
      "type": "aws_s3_bucket",
      "name": "default",
      "provider": "provider.aws",
      "instances": [
        {
          "schema_version": 0,
          "attributes": {
            "acceleration_status": "",
            "acl": "private",
            "arn": "arn:aws:s3:::mumbai-terraform-backend",
            "bucket": "mumbai-terraform-backend",
            "bucket_domain_name": "mumbai-terraform-backend.s3.amazonaws.com",
            "bucket_prefix": null,
            "bucket_regional_domain_name": "mumbai-terraform-backend.s3.ap-south-1.amazonaws.com",
            "cors_rule": [],
            "force_destroy": false,
            "grant": [],
            "hosted_zone_id": "Z11RGJOFQNVJUP",
            "id": "mumbai-terraform-backend",
            "lifecycle_rule": [],
            "logging": [],
            "object_lock_configuration": [],
            "policy": null,
            "region": "ap-south-1",
            "replication_configuration": [],
            "request_payer": "BucketOwner",
            "server_side_encryption_configuration": [],
            "tags": null,
            "versioning": [
              {
                "enabled": false,
                "mfa_delete": false
              }
            ],
            "website": [],
            "website_domain": null,
            "website_endpoint": null
          },
          "private": "bnVsbA=="
        }
      ]
    },
    {
      "mode": "managed",
      "type": "aws_vpc",
      "name": "default",
      "provider": "provider.aws",
      "instances": [
        {
          "schema_version": 1,
          "attributes": {
            "arn": "arn:aws:ec2:ap-south-1:975816917933:vpc/vpc-093e435cf298555c4",
            "assign_generated_ipv6_cidr_block": false,
            "cidr_block": "10.45.0.0/16",
            "default_network_acl_id": "acl-06e252c17c4de2cbe",
            "default_route_table_id": "rtb-0d3f1c2db66551ed6",
            "default_security_group_id": "sg-03c68b634171b5efa",
            "dhcp_options_id": "dopt-6f8ee207",
            "enable_classiclink": null,
            "enable_classiclink_dns_support": null,
            "enable_dns_hostnames": true,
            "enable_dns_support": true,
            "id": "vpc-093e435cf298555c4",
            "instance_tenancy": "default",
            "ipv6_association_id": "",
            "ipv6_cidr_block": "",
            "main_route_table_id": "rtb-0d3f1c2db66551ed6",
            "owner_id": "975816917933",
            "tags": {
              "EnvName": "mumbai",
              "Name": "mumbai-VPC"
            }
          },
          "private": "eyJzY2hlbWFfdmVyc2lvbiI6IjEifQ=="
        }
      ]
    }
  ]
}
